
Microsoft Visual Studio Solution File, Format Version 12.00
# Visual Studio Version 16
VisualStudioVersion = 16.0.29920.165
MinimumVisualStudioVersion = 10.0.40219.1
Project("{FAE04EC0-301F-11D3-BF4B-00C04F79EFBC}") = "PracTest_Tut13", "PracTest_Tut13\PracTest_Tut13.csproj", "{CA9343C6-6B9D-4970-9158-AE1BBB5C50B5}"
EndProject
Global
	GlobalSection(SolutionConfigurationPlatforms) = preSolution
		Debug|Any CPU = Debug|Any CPU
		Release|Any CPU = Release|Any CPU
	EndGlobalSection
	GlobalSection(ProjectConfigurationPlatforms) = postSolution
		{CA9343C6-6B9D-4970-9158-AE1BBB5C50B5}.Debug|Any CPU.ActiveCfg = Debug|Any CPU
		{CA9343C6-6B9D-4970-9158-AE1BBB5C50B5}.Debug|Any CPU.Build.0 = Debug|Any CPU
		{CA9343C6-6B9D-4970-9158-AE1BBB5C50B5}.Release|Any CPU.ActiveCfg = Release|Any CPU
		{CA9343C6-6B9D-4970-9158-AE1BBB5C50B5}.Release|Any CPU.Build.0 = Release|Any CPU
	EndGlobalSection
	GlobalSection(SolutionProperties) = preSolution
		HideSolutionNode = FALSE
	EndGlobalSection
	GlobalSection(ExtensibilityGlobals) = postSolution
		SolutionGuid = {43A41A0E-02D8-4ECF-A115-CA02F4D6B384}
	EndGlobalSection
EndGlobal
